
Microsoft Visual Studio Solution File, Format Version 12.00
# Visual Studio Version 16
VisualStudioVersion = 16.0.31515.178
MinimumVisualStudioVersion = 10.0.40219.1
Project("{888888A0-9F3D-457C-B088-3A5042F75D52}") = "CIS110 Pizza Ordering Chatbot", "CIS110 Pizza Ordering Chatbot.pyproj", "{E9223461-91E2-448E-9B54-4AC48CFB3975}"
EndProject
Global
	GlobalSection(SolutionConfigurationPlatforms) = preSolution
		Debug|Any CPU = Debug|Any CPU
		Release|Any CPU = Release|Any CPU
	EndGlobalSection
	GlobalSection(ProjectConfigurationPlatforms) = postSolution
		{E9223461-91E2-448E-9B54-4AC48CFB3975}.Debug|Any CPU.ActiveCfg = Debug|Any CPU
		{E9223461-91E2-448E-9B54-4AC48CFB3975}.Release|Any CPU.ActiveCfg = Release|Any CPU
	EndGlobalSection
	GlobalSection(SolutionProperties) = preSolution
		HideSolutionNode = FALSE
	EndGlobalSection
	GlobalSection(ExtensibilityGlobals) = postSolution
		SolutionGuid = {6E78EE32-92C6-49AF-81F5-01A3E8F9432A}
	EndGlobalSection
EndGlobal
